
Microsoft Visual Studio Solution File, Format Version 12.00
# Visual Studio 15
VisualStudioVersion = 15.0.28307.136
MinimumVisualStudioVersion = 10.0.40219.1
Project("{FAE04EC0-301F-11D3-BF4B-00C04F79EFBC}") = "MyApi", "MyApi\MyApi.csproj", "{CBC5F423-D836-4A57-B756-2156DAE013C9}"
EndProject
Global
	GlobalSection(SolutionConfigurationPlatforms) = preSolution
		Debug|Any CPU = Debug|Any CPU
		Release|Any CPU = Release|Any CPU
	EndGlobalSection
	GlobalSection(ProjectConfigurationPlatforms) = postSolution
		{CBC5F423-D836-4A57-B756-2156DAE013C9}.Debug|Any CPU.ActiveCfg = Debug|Any CPU
		{CBC5F423-D836-4A57-B756-2156DAE013C9}.Debug|Any CPU.Build.0 = Debug|Any CPU
		{CBC5F423-D836-4A57-B756-2156DAE013C9}.Release|Any CPU.ActiveCfg = Release|Any CPU
		{CBC5F423-D836-4A57-B756-2156DAE013C9}.Release|Any CPU.Build.0 = Release|Any CPU
	EndGlobalSection
	GlobalSection(SolutionProperties) = preSolution
		HideSolutionNode = FALSE
	EndGlobalSection
	GlobalSection(ExtensibilityGlobals) = postSolution
		SolutionGuid = {7E772388-0D2F-41DF-A101-F906D4DFFFA6}
	EndGlobalSection
EndGlobal
